
Microsoft Visual Studio Solution File, Format Version 12.00
# Visual Studio Version 16
VisualStudioVersion = 16.0.29709.97
MinimumVisualStudioVersion = 10.0.40219.1
Project("{9A19103F-16F7-4668-BE54-9A1E7A4F7556}") = "AmazingGame", "AmazingGame\AmazingGame.csproj", "{96487C6C-8894-4E25-A026-0661B3C84831}"
EndProject
Project("{2150E333-8FDC-42A3-9474-1A3956D46DE8}") = "Solution Items", "Solution Items", "{E88BD693-DA0E-46AF-9F98-68C65D83CDF7}"
EndProject
Global
	GlobalSection(SolutionConfigurationPlatforms) = preSolution
		Debug|Any CPU = Debug|Any CPU
		Release|Any CPU = Release|Any CPU
	EndGlobalSection
	GlobalSection(ProjectConfigurationPlatforms) = postSolution
		{96487C6C-8894-4E25-A026-0661B3C84831}.Debug|Any CPU.ActiveCfg = Debug|Any CPU
		{96487C6C-8894-4E25-A026-0661B3C84831}.Debug|Any CPU.Build.0 = Debug|Any CPU
		{96487C6C-8894-4E25-A026-0661B3C84831}.Release|Any CPU.ActiveCfg = Release|Any CPU
		{96487C6C-8894-4E25-A026-0661B3C84831}.Release|Any CPU.Build.0 = Release|Any CPU
	EndGlobalSection
	GlobalSection(SolutionProperties) = preSolution
		HideSolutionNode = FALSE
	EndGlobalSection
	GlobalSection(ExtensibilityGlobals) = postSolution
		SolutionGuid = {2B1B9E2A-725F-4935-BE9F-BEE50EA740DA}
	EndGlobalSection
EndGlobal
