
Microsoft Visual Studio Solution File, Format Version 12.00
# Visual Studio Version 16
VisualStudioVersion = 16.0.29709.97
MinimumVisualStudioVersion = 10.0.40219.1
Project("{FAE04EC0-301F-11D3-BF4B-00C04F79EFBC}") = "AmazingGame", "AmazingGame\AmazingGame.csproj", "{96487C6C-8894-4E25-A026-0661B3C84831}"
EndProject
Global
	GlobalSection(SolutionConfigurationPlatforms) = preSolution
		Debug|Any CPU = Debug|Any CPU
		Release|Any CPU = Release|Any CPU
	EndGlobalSection
	GlobalSection(ProjectConfigurationPlatforms) = postSolution
		{96487C6C-8894-4E25-A026-0661B3C84831}.Debug|Any CPU.ActiveCfg = Debug|Any CPU
		{96487C6C-8894-4E25-A026-0661B3C84831}.Debug|Any CPU.Build.0 = Debug|Any CPU
		{96487C6C-8894-4E25-A026-0661B3C84831}.Release|Any CPU.ActiveCfg = Release|Any CPU
		{96487C6C-8894-4E25-A026-0661B3C84831}.Release|Any CPU.Build.0 = Release|Any CPU
	EndGlobalSection
	GlobalSection(SolutionProperties) = preSolution
		HideSolutionNode = FALSE
	EndGlobalSection
	GlobalSection(ExtensibilityGlobals) = postSolution
		SolutionGuid = {2B1B9E2A-725F-4935-BE9F-BEE50EA740DA}
	EndGlobalSection
EndGlobal
